Microsoft Visual Studio Solution File, Format Version 11.00
# Visual Studio 2008

Project("{A5D09EED-E6EC-7E9B-5290-0825D3E8C7CD}") = "unity-trench", "Assembly-CSharp-firstpass-vs.csproj", "{726C82ED-F844-B85C-0DEC-C6B92E0490ED}"
EndProject
Project("{A5D09EED-E6EC-7E9B-5290-0825D3E8C7CD}") = "unity-trench", "Assembly-CSharp-vs.csproj", "{25B720E0-5BEA-1AC0-E5A2-1A444B384867}"
EndProject
Project("{A5D09EED-E6EC-7E9B-5290-0825D3E8C7CD}") = "unity-trench", "Assembly-CSharp-Editor-vs.csproj", "{7E531BB6-61CA-9831-DFF1-08A23108DEFF}"
EndProject
Global
	GlobalSection(SolutionConfigurationPlatforms) = preSolution
		Debug|Any CPU = Debug|Any CPU
		Release|Any CPU = Release|Any CPU
	EndGlobalSection
	GlobalSection(ProjectConfigurationPlatforms) = postSolution
		{726C82ED-F844-B85C-0DEC-C6B92E0490ED}.Debug|Any CPU.ActiveCfg = Debug|Any CPU
		{726C82ED-F844-B85C-0DEC-C6B92E0490ED}.Debug|Any CPU.Build.0 = Debug|Any CPU
		{726C82ED-F844-B85C-0DEC-C6B92E0490ED}.Release|Any CPU.ActiveCfg = Release|Any CPU
		{726C82ED-F844-B85C-0DEC-C6B92E0490ED}.Release|Any CPU.Build.0 = Release|Any CPU
		{25B720E0-5BEA-1AC0-E5A2-1A444B384867}.Debug|Any CPU.ActiveCfg = Debug|Any CPU
		{25B720E0-5BEA-1AC0-E5A2-1A444B384867}.Debug|Any CPU.Build.0 = Debug|Any CPU
		{25B720E0-5BEA-1AC0-E5A2-1A444B384867}.Release|Any CPU.ActiveCfg = Release|Any CPU
		{25B720E0-5BEA-1AC0-E5A2-1A444B384867}.Release|Any CPU.Build.0 = Release|Any CPU
		{7E531BB6-61CA-9831-DFF1-08A23108DEFF}.Debug|Any CPU.ActiveCfg = Debug|Any CPU
		{7E531BB6-61CA-9831-DFF1-08A23108DEFF}.Debug|Any CPU.Build.0 = Debug|Any CPU
		{7E531BB6-61CA-9831-DFF1-08A23108DEFF}.Release|Any CPU.ActiveCfg = Release|Any CPU
		{7E531BB6-61CA-9831-DFF1-08A23108DEFF}.Release|Any CPU.Build.0 = Release|Any CPU
	EndGlobalSection
	GlobalSection(SolutionProperties) = preSolution
		HideSolutionNode = FALSE
	EndGlobalSection
																																																																																																														GlobalSection(MonoDevelopProperties) = preSolution
		StartupItem = Assembly-CSharp.csproj
		Policies = $0
		$0.TextStylePolicy = $1
		$1.inheritsSet = null
		$1.scope = text/x-csharp
		$0.CSharpFormattingPolicy = $2
		$2.inheritsSet = Mono
		$2.inheritsScope = text/x-csharp
		$2.scope = text/x-csharp
		$0.TextStylePolicy = $3
		$3.FileWidth = 120
		$3.TabWidth = 4
		$3.IndentWidth = 4
		$3.EolMarker = Unix
		$3.inheritsSet = Mono
		$3.inheritsScope = text/plain
		$3.scope = text/plain
	EndGlobalSection

EndGlobal
